# THIS IS AN AUTOGENERATED FILE. DO NOT EDIT THIS FILE DIRECTLY.
assets/Email_Notification_Instagram.jpg:
  development: 2018-07-04T13:27:25-07:00   dc00debc789cb83a799003a75a973679
assets/Facebook.png:
  development: 2018-07-04T13:25:38-07:00   057b2e5607890bec7f90fc41b1e8e1e4
assets/Instagram.png:
  development: 2018-07-04T13:25:44-07:00   c99d926b3815a2b267dc975c4058a919
assets/Pinterest.png:
  development: 2018-07-04T13:24:06-07:00   548f4609e200716f2174320645e4f90d
assets/Twitter.png:
  development: 2018-07-04T13:25:58-07:00   f9f0ec89b3df77b3044d1b2ec3407112
assets/blank.gif:
  development: 2018-03-22T08:40:05-07:00   325472601571f31e1bf00674c368d335
assets/bold-upsell.css:
  development: 2018-05-28T21:06:07-07:00   72f6c075524eb9ba798ba7ebf21bd906
assets/checkout.css.liquid:
  development: 2018-03-22T08:40:05-07:00   3fb2e596e8aa1d815334b0b602321e6e
assets/custom.js:
  development: 2018-03-22T08:40:05-07:00   e798652d9ccefdb4dfc0b6f8b6cca05a
assets/delete.png:
  development: 2018-03-22T08:40:05-07:00   4338f0bf8540d8fcf9ec63690a42f355
assets/diagonal.gif:
  development: 2018-03-22T08:40:05-07:00   f0c885bd328f2a0f22cfa8d6fff35e24
assets/fancybox_loading.gif:
  development: 2018-03-22T08:40:05-07:00   328cc0f6c78211485058d460e80f4fa8
assets/fancybox_loading_2x.gif:
  development: 2018-03-22T08:40:05-07:00   f92938639fa894a0e8ded1c3368abe98
assets/fancybox_overlay.png:
  development: 2018-03-22T08:40:05-07:00   77aeaa52715b898b73c74d68c630330e
assets/fancybox_sprite.png:
  development: 2018-03-22T08:40:05-07:00   a154b1f5db51e97756275501d5d4538b
assets/fancybox_sprite_2x.png:
  development: 2018-03-22T08:40:06-07:00   4156c86f0fe11c1a6f6b051710cb15b3
assets/flexslider-icon.eot:
  development: 2018-03-22T08:40:06-07:00   9c9cb7a6055043933ba68854f521af45
assets/flexslider-icon.svg:
  development: 2018-03-22T08:40:06-07:00   10e8a5455c4522c48aa975eacd4f0023
assets/flexslider-icon.ttf:
  development: 2018-03-22T08:40:06-07:00   b4c9e5057989b9727a5df4e0a21af33c
assets/flexslider-icon.woff:
  development: 2018-03-22T08:40:06-07:00   f8b92f66539473eea649c8514eb836a0
assets/font-awesome.min.css:
  development: 2018-03-22T08:40:06-07:00   269550530cc127b6aa5a35925a7de6ce
assets/fontawesome-webfont.eot:
  development: 2018-03-22T08:40:07-07:00   674f50d287a8c48dc19ba404d20fe713
assets/fontawesome-webfont.svg:
  development: 2018-03-22T08:40:07-07:00   912ec66d7572ff821749319396470bde
assets/fontawesome-webfont.ttf:
  development: 2018-03-22T08:40:07-07:00   b06871f281fee6b241d60582ae9369b9
assets/fontawesome-webfont.woff:
  development: 2018-03-22T08:40:07-07:00   fee66e712a8a08eef5805a46892932ad
assets/fontawesome-webfont.woff2:
  development: 2018-03-22T08:40:07-07:00   af7ae505a9eed503f8b8e6982036873e
assets/glyphicons-halflings-regular.eot:
  development: 2018-03-22T08:40:08-07:00   7ad17c6085dee9a33787bac28fb23d46
assets/glyphicons-halflings-regular.svg:
  development: 2018-03-22T08:40:08-07:00   ff423a4251cf2986555523dfe315c42b
assets/glyphicons-halflings-regular.ttf:
  development: 2018-03-22T08:40:08-07:00   e49d52e74b7689a0727def99da31f3eb
assets/glyphicons-halflings-regular.woff:
  development: 2018-03-22T08:40:08-07:00   68ed1dac06bf0409c18ae7bc62889170
assets/icons.eot:
  development: 2018-03-22T08:40:08-07:00   1585046ff24bb768c03dcca44e99274d
assets/icons.svg:
  development: 2018-03-22T08:40:08-07:00   50b21e8f95cb576db686e70b85b3d19f
assets/icons.ttf:
  development: 2018-03-22T08:40:09-07:00   3ee33d7f4f3f90175c113e2d6fe30974
assets/icons.woff:
  development: 2018-03-22T08:40:09-07:00   27f40772f71678b32bf124b5ac581d97
assets/jquery-1.11.0.min.js:
  development: 2018-03-22T08:40:09-07:00   52d16e147b5346147d0f3269cd4d0f80
assets/jquery.currencies.min.js:
  development: 2018-07-03T13:55:11-07:00   fbda3f892f5bfe99013e90c545ecef31
assets/main.js:
  development: 2018-05-28T21:53:56-07:00   61f5e5879d66d0c29fbfd18acabeecf8
assets/main.min.js:
  development: 2018-05-28T21:53:57-07:00   bcc5b16b721404d3f8b99fbfe830cb96
assets/password.css.liquid:
  development: 2018-03-22T08:40:09-07:00   4eeb0225a280d8a39096ad7152c448b7
assets/password.js:
  development: 2018-03-22T08:40:09-07:00   a1b73d027d295a5ab931291836ef8cce
assets/plugins.css.liquid:
  development: 2018-07-03T13:55:22-07:00   d7ee3e719bdb723d943f0ea65dab6e9b
assets/plugins.js:
  development: 2018-07-03T13:55:23-07:00   c253455951425d0907ac06412ec6bb7e
assets/sections.js.liquid:
  development: 2018-03-22T08:40:10-07:00   8df73045f96e1210908efa304f1adcf4
assets/shipping-details-bg.jpg:
  development: 2018-03-22T08:40:10-07:00   e8803774c979e6b8470f9abf9b9570f1
assets/shopstorm-apps.js.liquid:
  development: 2018-06-06T14:27:45-07:00   e22c2d184c1b52f5c7d7fcafda2e8941
assets/shopstorm-apps.scss.liquid:
  development: 2018-06-18T14:15:17-07:00   d97d80c32d8c5f71676d6b1f07b3b8b7
assets/slider-arrows.png:
  development: 2018-05-28T11:17:05-07:00   bb270470878b69acba736907cdd86494
assets/style-main.min.css:
  development: 2018-07-04T13:55:38-07:00   e455053af8120233dfa4b5e80d2b938b
assets/style.scss.liquid:
  development: 2018-06-11T16:22:21-07:00   4b0443bb06039ca90350d73a367d5ce5
config/settings_data.json:
  development: 2018-07-05T00:27:44-07:00   189d0d3b078ad5629cbc1b44f9464f15
config/settings_schema.json:
  development: 2018-07-03T13:53:08-07:00   a7e124c2e14d4e110c2e5546fa611f35
layout/password.liquid:
  development: 2018-03-22T08:40:10-07:00   c1a29324bed566ada83710b455ba4364
layout/theme.liquid:
  development: 2018-07-06T04:16:20-07:00   d3ba073dcbee1d745e393e7b03863cb8
locales/de.json:
  development: 2018-07-03T13:50:03-07:00   0e33038dc5ad39ea71e36705a55861d6
locales/en.default.json:
  development: 2018-06-11T10:34:08-07:00   73f787e580c5678168a0eafd990ffe58
locales/es.json:
  development: 2018-07-03T13:50:04-07:00   fd0ed9caccd5606445452604ea74e4df
locales/fr.json:
  development: 2018-07-03T13:50:05-07:00   1fb2f6aa726fda22930ef0d669a1dc95
locales/pt.json:
  development: 2018-07-03T13:50:02-07:00   3256c9fd699165785dac0ef8f56dcfce
sections/announcement-bar.liquid:
  development: 2018-03-22T08:40:03-07:00   b9abcd4a310bf864beb87adcbbc14b20
sections/article-template.liquid:
  development: 2018-03-22T08:40:03-07:00   6ae1efcc59dbedf9faa771c2e1528e40
sections/blog-template.liquid:
  development: 2018-03-22T08:40:03-07:00   d77579661e588df0aa65c5d83c20b643
sections/cart-template.liquid:
  development: 2018-07-06T05:12:51-07:00   82529ea8c7cce85ea36d9616249433e0
sections/collection-list.liquid:
  development: 2018-07-06T09:48:58-07:00   7674383ff6660215b665b8a242afe5c1
sections/collection-template.liquid:
  development: 2018-06-26T11:43:29-07:00   a29313e014b4acb7121beb1cbe5c1c63
sections/collection.liquid:
  development: 2018-07-03T13:35:33-07:00   77e416687d2f353b07f9cdc2f08534a3
sections/custom-html.liquid:
  development: 2018-03-22T08:40:03-07:00   cfbd068196dda3476525649f401e983a
sections/feature-row.liquid:
  development: 2018-03-22T08:40:03-07:00   676fd284d32dd90785c244eec0f5102b
sections/featured-blog.liquid:
  development: 2018-03-22T08:40:03-07:00   cb091595caedbd4dec976f4693f37f44
sections/footer.liquid:
  development: 2018-07-06T09:59:02-07:00   f2e1055eb623147bb016a3f6d72d1150
sections/header.liquid:
  development: 2018-06-01T14:07:49-07:00   2d426a008bf2bff7dfcf01b37950774b
sections/image-bar.liquid:
  development: 2018-03-22T08:40:03-07:00   6d6caeb4b4deacc52e53b7ac78aa9c1d
sections/indiv-product.liquid:
  development: 2018-06-20T13:36:49-07:00   315be1df33463641de6e997e3dd2b6a9
sections/instagram.liquid:
  development: 2018-07-06T09:58:31-07:00   2d20fc5435ec12f3d897527b4ea0b028
sections/list-collections.liquid:
  development: 2018-03-22T08:40:03-07:00   bcf71a4faaf3bf6d8d32e2fb65d5d7c9
sections/logo-bar.liquid:
  development: 2018-07-06T09:57:09-07:00   31c6e164c5dc16624ec59eef6ce0b7da
sections/map.liquid:
  development: 2018-07-03T13:35:33-07:00   88fed12168b98b4889934743f5755bfa
sections/newsletter.liquid:
  development: 2018-03-22T08:40:04-07:00   31726a126680e31b085de4106cdf5530
sections/password-template.liquid:
  development: 2018-03-22T08:40:04-07:00   5a05b4aeda92fb6b3ea5756ca591edde
sections/product-template-bottom.liquid:
  development: 2018-07-03T13:36:14-07:00   63d99b4eace71f06944f8785d024760c
sections/product-template.liquid:
  development: 2018-07-06T05:19:58-07:00   7d3f328078376dc8356a2a7a6f87074b
sections/related-items.liquid:
  development: 2018-06-20T13:40:37-07:00   3f20acf55193748dab70f26cbdf390d5
sections/related-products.liquid:
  development: 2018-03-22T08:40:04-07:00   b14c15df1216a4ec6d6f2b43f02d014a
sections/rich-text.liquid:
  development: 2018-03-22T08:40:04-07:00   65aff2b9f3a3b8d179ee56602f10ff23
sections/search-template.liquid:
  development: 2018-03-22T08:40:04-07:00   cca788b941bcc122bb459131455b38db
sections/slideshow.liquid:
  development: 2018-06-25T19:05:02-07:00   f32b71a0e703acdc523e2111db822fbb
sections/social-media.liquid:
  development: 2018-03-22T08:40:04-07:00   77a0fb9bec05965b958e21a2c7293f6d
sections/text-adverts.liquid:
  development: 2018-03-22T08:40:04-07:00   7da2ac15569d006948e5ff00c9c6ba69
sections/text-over-image.liquid:
  development: 2018-05-28T13:33:01-07:00   0b48e80e2ffe40ef83ea1d412fca3b1a
sections/video.liquid:
  development: 2018-03-22T08:40:04-07:00   089e3a3ade8ad6e22a7141f6e2002095
snippets/bold-common.liquid:
  development: 2018-05-28T21:06:07-07:00   a4e71f55fb072c2b4ab7bbccd7fb2dcc
snippets/cart-drawer.liquid:
  development: 2018-03-22T08:40:11-07:00   1b151baeb8d9c5c323f704a34f7d8d18
snippets/currencies.liquid:
  development: 2018-03-22T08:40:11-07:00   d430023a5a7bccc125f2d3aab6287cd5
snippets/font-links.liquid:
  development: 2018-03-22T08:40:11-07:00   71b8e921e23a3f1b0bd6a68145caad6a
snippets/form-errors-custom.liquid:
  development: 2018-03-22T08:40:11-07:00   d82322ad3cc77728f9d02ac4a2d6632f
snippets/homepage-scripts.liquid:
  development: 2018-03-22T08:40:11-07:00   aacd0af003ec999a8501ce8181980101
snippets/more-colors.liquid:
  development: 2018-06-26T10:51:35-07:00   a02db76a8af05eb34dd8a907a53679a2
snippets/nav-mobile.liquid:
  development: 2018-03-22T08:40:11-07:00   05f3fa885fb69128f23c8d589000c320
snippets/newsletter-form.liquid:
  development: 2018-06-26T13:25:07-07:00   32179e8b5620154922f641e1dd527b15
snippets/pagination.liquid:
  development: 2018-03-22T08:40:11-07:00   7edeceb96ace345386cae31951f02178
snippets/popup.liquid:
  development: 2018-03-22T08:40:11-07:00   c54b8a2a05c95894f9f4aa2e85294679
snippets/product-customizer-helper.liquid:
  development: 2018-06-06T14:27:47-07:00   25463aa4ea0f268f14d5893ee7fb672a
snippets/product-customizer.liquid:
  development: 2018-06-06T14:27:46-07:00   d0ea9308cff3a5264755febfeb265ca1
snippets/search-bar.liquid:
  development: 2018-03-22T08:40:11-07:00   3ae894abedaed977276090d88cf3547e
snippets/shappify-sales-clock.liquid:
  development: 2018-03-29T00:00:05-07:00   657878133950f1d4740270b861a81a6f
snippets/shopstorm-scripttags.liquid:
  development: 2018-06-06T14:27:50-07:00   a6265ffecdd4a371bdeb37ad45a69fc2
snippets/site-nav.liquid:
  development: 2018-06-01T13:39:08-07:00   ee91a4d30785e5258073bf07139a11bb
snippets/social-links.liquid:
  development: 2018-05-28T13:34:04-07:00   15e40886e6d815c659102b9988dc04d6
snippets/social-meta-tags.liquid:
  development: 2018-03-22T08:40:11-07:00   2d869d411fa613202241d2d80c05bffe
templates/404.liquid:
  development: 2018-03-22T08:40:11-07:00   003788854b8130b17be63950aca90a7f
templates/article.liquid:
  development: 2018-03-22T08:40:11-07:00   2080855dac3ae25e520dd0968e1110a7
templates/blog.liquid:
  development: 2018-03-22T08:40:11-07:00   5f9ac2432fad153f31bb238ba356e472
templates/cart.liquid:
  development: 2018-03-22T08:40:11-07:00   6945867d65b2d0d607c2d80e17fa697d
templates/collection.liquid:
  development: 2018-03-22T08:40:11-07:00   3f577c5eaf7fab7e9688fd84e5d99db0
templates/customers/account.liquid:
  development: 2018-03-22T08:40:11-07:00   d649b8f69777cd056e8e78443a9815a6
templates/customers/activate_account.liquid:
  development: 2018-03-22T08:40:11-07:00   1559e608a28b85a1517f78676a9efd25
templates/customers/addresses.liquid:
  development: 2018-03-22T08:40:11-07:00   e1001889812fb2e982a3f5a53c83663e
templates/customers/login.liquid:
  development: 2018-03-22T08:40:11-07:00   ceace37fb0a4b65a601fec6459c68e30
templates/customers/order.liquid:
  development: 2018-03-22T08:40:12-07:00   ed6642b45f8285bdcd46f599694f0435
templates/customers/register.liquid:
  development: 2018-03-22T08:40:12-07:00   3cf9ba27ed7f904a5f6340f7b1c302e0
templates/customers/reset_password.liquid:
  development: 2018-03-22T08:40:12-07:00   75ece0f96140289b630324fd1bdf7ac1
templates/gift_card.liquid:
  development: 2018-03-22T08:40:12-07:00   049bf47a185d62db1b2c78aad46c5f93
templates/index.liquid:
  development: 2018-03-22T08:40:12-07:00   f79f45304db08806b224656bf8d56e7c
templates/list-collections.liquid:
  development: 2018-03-22T08:40:12-07:00   9ec01e0ae712c2ad3593f0b75cea8a18
templates/page.contact.liquid:
  development: 2018-03-22T08:40:12-07:00   7e91840dee4b7f4c0931d86dc25e3d96
templates/page.liquid:
  development: 2018-03-22T08:40:12-07:00   e2dc48a751477146778e8e87a3dd6ad2
templates/password.liquid:
  development: 2018-03-22T08:40:12-07:00   a8ceb6357f9e916a9de46dc87c02ab22
templates/product.liquid:
  development: 2018-06-20T13:39:29-07:00   0333f9f54411b4b9b90936d11d7c167e
templates/search.liquid:
  development: 2018-03-22T08:40:12-07:00   6877a278e8b7bb0a99602831fe249ccc
